
Microsoft Visual Studio Solution File, Format Version 12.00
# Visual Studio Version 16
VisualStudioVersion = 16.0.31613.86
MinimumVisualStudioVersion = 10.0.40219.1
Project("{FAE04EC0-301F-11D3-BF4B-00C04F79EFBC}") = "TestSettings", "TestSettings\TestSettings.csproj", "{BB172635-95BA-4D79-99A8-612F0C5AC18A}"
EndProject
Global
	GlobalSection(SolutionConfigurationPlatforms) = preSolution
		Debug|Any CPU = Debug|Any CPU
		Release|Any CPU = Release|Any CPU
	EndGlobalSection
	GlobalSection(ProjectConfigurationPlatforms) = postSolution
		{BB172635-95BA-4D79-99A8-612F0C5AC18A}.Debug|Any CPU.ActiveCfg = Debug|Any CPU
		{BB172635-95BA-4D79-99A8-612F0C5AC18A}.Debug|Any CPU.Build.0 = Debug|Any CPU
		{BB172635-95BA-4D79-99A8-612F0C5AC18A}.Release|Any CPU.ActiveCfg = Release|Any CPU
		{BB172635-95BA-4D79-99A8-612F0C5AC18A}.Release|Any CPU.Build.0 = Release|Any CPU
	EndGlobalSection
	GlobalSection(SolutionProperties) = preSolution
		HideSolutionNode = FALSE
	EndGlobalSection
	GlobalSection(ExtensibilityGlobals) = postSolution
		SolutionGuid = {6657F047-9DFB-416A-9814-0FCDA2FDB320}
	EndGlobalSection
EndGlobal
